<?xml version="1.0" encoding="UTF-8" standalone="yes" ?>
<CodeBlocks_project_file>
	<FileVersion major="1" minor="6" />
	<Project>
		<Option title="unittest" />
		<Option pch_mode="2" />
		<Option compiler="gcc" />
		<Build>
			<Target title="Debug Win32">
				<Option output="../cpplib/Debug/unittest" prefix_auto="1" extension_auto="1" />
				<Option object_output="Debug/" />
				<Option deps_output="../cpplib/Debug/" />
				<Option type="0" />
				<Option compiler="gcc" />
				<Compiler>
					<Add option="-g" />
					<Add option="-DWIN32" />
					<Add option="-D_DEBUG" />
					<Add option="-D_CONSOLE" />
					<Add option="-Wall" />
				</Compiler>
				<Linker>
					<Add library="winmm.lib" />
					<Add library="comctl32.lib" />
					<Add library="kernel32.lib" />
					<Add library="user32.lib" />
					<Add library="gdi32.lib" />
					<Add library="winspool.lib" />
					<Add library="comdlg32.lib" />
					<Add library="advapi32.lib" />
					<Add library="shell32.lib" />
					<Add library="ole32.lib" />
					<Add library="oleaut32.lib" />
					<Add library="uuid.lib" />
					<Add library="odbc32.lib" />
					<Add library="odbccp32.lib" />
				</Linker>
			</Target>
			<Target title="Debug x64">
				<Option output="c:/tmp/unittest/x64/Debug/unittest" prefix_auto="1" extension_auto="1" />
				<Option object_output="c:/tmp/unittest/x64/Debug/" />
				<Option deps_output="c:/tmp/unittest/x64/Debug/" />
				<Option type="0" />
				<Option compiler="gcc" />
				<Compiler>
					<Add option="-g" />
					<Add option="-D_DEBUG" />
					<Add option="-D_CONSOLE" />
					<Add option="-Wall" />
					<Add directory="C:/mg/prj/cpplib/header_lib/" />
				</Compiler>
				<Linker>
					<Add library="winmm.lib" />
					<Add library="comctl32.lib" />
					<Add library="kernel32.lib" />
					<Add library="user32.lib" />
					<Add library="gdi32.lib" />
					<Add library="winspool.lib" />
					<Add library="comdlg32.lib" />
					<Add library="advapi32.lib" />
					<Add library="shell32.lib" />
					<Add library="ole32.lib" />
					<Add library="oleaut32.lib" />
					<Add library="uuid.lib" />
					<Add library="odbc32.lib" />
					<Add library="odbccp32.lib" />
				</Linker>
			</Target>
			<Target title="Release x64">
				<Option output="c:/tmp/unittest/x64/Release/unittest" prefix_auto="1" extension_auto="1" />
				<Option object_output="c:/tmp/unittest/x64/Release/" />
				<Option deps_output="c:/tmp/unittest/x64/Release/" />
				<Option type="0" />
				<Option compiler="gcc" />
				<Compiler>
					<Add option="-DNDEBUG" />
					<Add option="-D_CONSOLE" />
					<Add option="-Wall" />
					<Add directory="C:/mg/prj/cpplib/header_lib/" />
				</Compiler>
				<Linker>
					<Add library="winmm.lib" />
					<Add library="comctl32.lib" />
					<Add library="kernel32.lib" />
					<Add library="user32.lib" />
					<Add library="gdi32.lib" />
					<Add library="winspool.lib" />
					<Add library="comdlg32.lib" />
					<Add library="advapi32.lib" />
					<Add library="shell32.lib" />
					<Add library="ole32.lib" />
					<Add library="oleaut32.lib" />
					<Add library="uuid.lib" />
					<Add library="odbc32.lib" />
					<Add library="odbccp32.lib" />
				</Linker>
			</Target>
			<Target title="Release Win32">
				<Option output="../cpplib/Release/unittest" prefix_auto="1" extension_auto="1" />
				<Option object_output="Release/" />
				<Option deps_output="../cpplib/Release/" />
				<Option type="0" />
				<Option compiler="gcc" />
				<Compiler>
					<Add option="-DWIN32" />
					<Add option="-DNDEBUG" />
					<Add option="-D_CONSOLE" />
					<Add option="-Wall" />
				</Compiler>
				<Linker>
					<Add library="winmm.lib" />
					<Add library="comctl32.lib" />
					<Add library="kernel32.lib" />
					<Add library="user32.lib" />
					<Add library="gdi32.lib" />
					<Add library="winspool.lib" />
					<Add library="comdlg32.lib" />
					<Add library="advapi32.lib" />
					<Add library="shell32.lib" />
					<Add library="ole32.lib" />
					<Add library="oleaut32.lib" />
					<Add library="uuid.lib" />
					<Add library="odbc32.lib" />
					<Add library="odbccp32.lib" />
				</Linker>
			</Target>
		</Build>
		<Unit filename="../cpplib/constants.cpp" />
		<Unit filename="../cpplib/constants.hpp" />
		<Unit filename="../cpplib/cpp_lib/xmlParser.cpp" />
		<Unit filename="../cpplib/header_lib/json.hpp" />
		<Unit filename="../cpplib/header_lib/xmlParser.h" />
		<Unit filename="../cpplib/object.cpp" />
		<Unit filename="../cpplib/object.hpp" />
		<Unit filename="main.cpp" />
		<Unit filename="test.cpp" />
		<Unit filename="test.hpp" />
		<Extensions>
			<lib_finder disable_auto="1" />
		</Extensions>
	</Project>
</CodeBlocks_project_file>
